{
  "name": "burst-era-expanded",
  "lockfileVersion": 3,
  "requires": true,
  "packages": {
    "": {
      "dependencies": {
        "hls.js": "^1.7.1"
      }
    },
    "node_modules/hls.js": {
      "version": "1.7.1",
      "resolved": "https://registry.npmjs.org/hls.js/-/hls.js-1.7.1.tgz",
      "integrity": "sha512-DlzIkeBAS9IIQ432k3BUf3HlwbsR0+trB1i2lDdN2gUkNkrehFurh0/48M5c1/EjlDkdGng1gwZIpwyPxvdZ/g==",
      "license": "Apache-2.0"
    }
  }
}
